
Microsoft Visual Studio Solution File, Format Version 12.00
# Visual Studio Version 16
VisualStudioVersion = 16.0.31727.386
MinimumVisualStudioVersion = 10.0.40219.1
Project("{9A19103F-16F7-4668-BE54-9A1E7A4F7556}") = "BusinessLayer", "BusinessLayer\BusinessLayer.csproj", "{FC293E82-0ECA-4D35-84D7-751B33ECB60E}"
EndProject
Project("{9A19103F-16F7-4668-BE54-9A1E7A4F7556}") = "DataLayer", "DataLayer\DataLayer.csproj", "{5E00533B-5569-4FF7-8FE4-091390750B61}"
EndProject
Project("{9A19103F-16F7-4668-BE54-9A1E7A4F7556}") = "ConsoleAppXML", "ConsoleApp\ConsoleAppXML.csproj", "{092E6D56-2190-4069-8AE0-D3C3FF426BA5}"
EndProject
Project("{9A19103F-16F7-4668-BE54-9A1E7A4F7556}") = "WebApplication", "WebApplication\WebApplication.csproj", "{72A82F4A-49CD-4A6F-8B16-C05D5918E611}"
EndProject
Project("{9A19103F-16F7-4668-BE54-9A1E7A4F7556}") = "ConsoleAppJSON", "ConsoleAppJSON\ConsoleAppJSON.csproj", "{25F29C55-DDD3-4B82-843F-E6EEE6E98BEC}"
EndProject
Global
	GlobalSection(SolutionConfigurationPlatforms) = preSolution
		Debug|Any CPU = Debug|Any CPU
		Release|Any CPU = Release|Any CPU
	EndGlobalSection
	GlobalSection(ProjectConfigurationPlatforms) = postSolution
		{FC293E82-0ECA-4D35-84D7-751B33ECB60E}.Debug|Any CPU.ActiveCfg = Debug|Any CPU
		{FC293E82-0ECA-4D35-84D7-751B33ECB60E}.Debug|Any CPU.Build.0 = Debug|Any CPU
		{FC293E82-0ECA-4D35-84D7-751B33ECB60E}.Release|Any CPU.ActiveCfg = Release|Any CPU
		{FC293E82-0ECA-4D35-84D7-751B33ECB60E}.Release|Any CPU.Build.0 = Release|Any CPU
		{5E00533B-5569-4FF7-8FE4-091390750B61}.Debug|Any CPU.ActiveCfg = Debug|Any CPU
		{5E00533B-5569-4FF7-8FE4-091390750B61}.Debug|Any CPU.Build.0 = Debug|Any CPU
		{5E00533B-5569-4FF7-8FE4-091390750B61}.Release|Any CPU.ActiveCfg = Release|Any CPU
		{5E00533B-5569-4FF7-8FE4-091390750B61}.Release|Any CPU.Build.0 = Release|Any CPU
		{092E6D56-2190-4069-8AE0-D3C3FF426BA5}.Debug|Any CPU.ActiveCfg = Debug|Any CPU
		{092E6D56-2190-4069-8AE0-D3C3FF426BA5}.Debug|Any CPU.Build.0 = Debug|Any CPU
		{092E6D56-2190-4069-8AE0-D3C3FF426BA5}.Release|Any CPU.ActiveCfg = Release|Any CPU
		{092E6D56-2190-4069-8AE0-D3C3FF426BA5}.Release|Any CPU.Build.0 = Release|Any CPU
		{72A82F4A-49CD-4A6F-8B16-C05D5918E611}.Debug|Any CPU.ActiveCfg = Debug|Any CPU
		{72A82F4A-49CD-4A6F-8B16-C05D5918E611}.Debug|Any CPU.Build.0 = Debug|Any CPU
		{72A82F4A-49CD-4A6F-8B16-C05D5918E611}.Release|Any CPU.ActiveCfg = Release|Any CPU
		{72A82F4A-49CD-4A6F-8B16-C05D5918E611}.Release|Any CPU.Build.0 = Release|Any CPU
		{25F29C55-DDD3-4B82-843F-E6EEE6E98BEC}.Debug|Any CPU.ActiveCfg = Debug|Any CPU
		{25F29C55-DDD3-4B82-843F-E6EEE6E98BEC}.Debug|Any CPU.Build.0 = Debug|Any CPU
		{25F29C55-DDD3-4B82-843F-E6EEE6E98BEC}.Release|Any CPU.ActiveCfg = Release|Any CPU
		{25F29C55-DDD3-4B82-843F-E6EEE6E98BEC}.Release|Any CPU.Build.0 = Release|Any CPU
	EndGlobalSection
	GlobalSection(SolutionProperties) = preSolution
		HideSolutionNode = FALSE
	EndGlobalSection
	GlobalSection(ExtensibilityGlobals) = postSolution
		SolutionGuid = {88BC6983-1F07-4EC2-9DF8-5479D1981D84}
	EndGlobalSection
EndGlobal
